
Microsoft Visual Studio Solution File, Format Version 12.00
# Visual Studio Version 16
VisualStudioVersion = 16.0.31321.278
MinimumVisualStudioVersion = 10.0.40219.1
Project("{FAE04EC0-301F-11D3-BF4B-00C04F79EFBC}") = "iteratio", "iteratio\iteratio.csproj", "{16BBE4A9-12E7-4A86-8C96-B5DD76002430}"
EndProject
Global
	GlobalSection(SolutionConfigurationPlatforms) = preSolution
		Debug|Any CPU = Debug|Any CPU
		Release|Any CPU = Release|Any CPU
	EndGlobalSection
	GlobalSection(ProjectConfigurationPlatforms) = postSolution
		{16BBE4A9-12E7-4A86-8C96-B5DD76002430}.Debug|Any CPU.ActiveCfg = Debug|Any CPU
		{16BBE4A9-12E7-4A86-8C96-B5DD76002430}.Debug|Any CPU.Build.0 = Debug|Any CPU
		{16BBE4A9-12E7-4A86-8C96-B5DD76002430}.Release|Any CPU.ActiveCfg = Release|Any CPU
		{16BBE4A9-12E7-4A86-8C96-B5DD76002430}.Release|Any CPU.Build.0 = Release|Any CPU
	EndGlobalSection
	GlobalSection(SolutionProperties) = preSolution
		HideSolutionNode = FALSE
	EndGlobalSection
	GlobalSection(ExtensibilityGlobals) = postSolution
		SolutionGuid = {AF00A95F-FB4C-4BF9-8475-B22B3C0EABD9}
	EndGlobalSection
EndGlobal
